
Microsoft Visual Studio Solution File, Format Version 12.00
Project("{FAE04EC0-301F-11D3-BF4B-00C04F79EFBC}") = "Pustok", "Pustok\Pustok.csproj", "{1FF37EF8-78B6-4743-A848-67BD54C5BA41}"
EndProject
Global
	GlobalSection(SolutionConfigurationPlatforms) = preSolution
		Debug|Any CPU = Debug|Any CPU
		Release|Any CPU = Release|Any CPU
	EndGlobalSection
	GlobalSection(ProjectConfigurationPlatforms) = postSolution
		{1FF37EF8-78B6-4743-A848-67BD54C5BA41}.Debug|Any CPU.ActiveCfg = Debug|Any CPU
		{1FF37EF8-78B6-4743-A848-67BD54C5BA41}.Debug|Any CPU.Build.0 = Debug|Any CPU
		{1FF37EF8-78B6-4743-A848-67BD54C5BA41}.Release|Any CPU.ActiveCfg = Release|Any CPU
		{1FF37EF8-78B6-4743-A848-67BD54C5BA41}.Release|Any CPU.Build.0 = Release|Any CPU
	EndGlobalSection
EndGlobal
